
Microsoft Visual Studio Solution File, Format Version 12.00
# Visual Studio Version 17
VisualStudioVersion = 17.4.33122.133
MinimumVisualStudioVersion = 10.0.40219.1
Project("{9A19103F-16F7-4668-BE54-9A1E7A4F7556}") = "plugin_OSC", "plugin_OSC\plugin_OSC.csproj", "{7B4196EC-3E9D-4BF3-9E3D-093A6076070C}"
EndProject
Project("{9A19103F-16F7-4668-BE54-9A1E7A4F7556}") = "vrc-oscquery-lib", "vendor\vrc-oscquery-lib\vrc-oscquery-lib\vrc-oscquery-lib.csproj", "{FA9E3AD1-BD6F-428D-BAB2-08216942B09D}"
EndProject
Global
	GlobalSection(SolutionConfigurationPlatforms) = preSolution
		Debug|Any CPU = Debug|Any CPU
		Debug|x64 = Debug|x64
		Release|Any CPU = Release|Any CPU
		Release|x64 = Release|x64
	EndGlobalSection
	GlobalSection(ProjectConfigurationPlatforms) = postSolution
		{7B4196EC-3E9D-4BF3-9E3D-093A6076070C}.Debug|Any CPU.ActiveCfg = Debug|x64
		{7B4196EC-3E9D-4BF3-9E3D-093A6076070C}.Debug|Any CPU.Build.0 = Debug|x64
		{7B4196EC-3E9D-4BF3-9E3D-093A6076070C}.Debug|x64.ActiveCfg = Debug|x64
		{7B4196EC-3E9D-4BF3-9E3D-093A6076070C}.Debug|x64.Build.0 = Debug|x64
		{7B4196EC-3E9D-4BF3-9E3D-093A6076070C}.Release|Any CPU.ActiveCfg = Release|x64
		{7B4196EC-3E9D-4BF3-9E3D-093A6076070C}.Release|Any CPU.Build.0 = Release|x64
		{7B4196EC-3E9D-4BF3-9E3D-093A6076070C}.Release|x64.ActiveCfg = Release|x64
		{7B4196EC-3E9D-4BF3-9E3D-093A6076070C}.Release|x64.Build.0 = Release|x64
		{FA9E3AD1-BD6F-428D-BAB2-08216942B09D}.Debug|Any CPU.ActiveCfg = Debug|Any CPU
		{FA9E3AD1-BD6F-428D-BAB2-08216942B09D}.Debug|Any CPU.Build.0 = Debug|Any CPU
		{FA9E3AD1-BD6F-428D-BAB2-08216942B09D}.Debug|x64.ActiveCfg = Debug|Any CPU
		{FA9E3AD1-BD6F-428D-BAB2-08216942B09D}.Debug|x64.Build.0 = Debug|Any CPU
		{FA9E3AD1-BD6F-428D-BAB2-08216942B09D}.Release|Any CPU.ActiveCfg = Release|Any CPU
		{FA9E3AD1-BD6F-428D-BAB2-08216942B09D}.Release|Any CPU.Build.0 = Release|Any CPU
		{FA9E3AD1-BD6F-428D-BAB2-08216942B09D}.Release|x64.ActiveCfg = Release|Any CPU
		{FA9E3AD1-BD6F-428D-BAB2-08216942B09D}.Release|x64.Build.0 = Release|Any CPU
	EndGlobalSection
	GlobalSection(SolutionProperties) = preSolution
		HideSolutionNode = FALSE
	EndGlobalSection
	GlobalSection(ExtensibilityGlobals) = postSolution
		SolutionGuid = {551C2589-B47E-49A3-89DB-5F193D870E69}
	EndGlobalSection
EndGlobal
